<Solution>
  <Project Path="shared/Truckload.Contracts/Truckload.Contracts.csproj" />
  <Project Path="backend/Truckload.Ebs/Truckload.Ebs.csproj" />
  <Project Path="backend/Truckload.Ebs.Tests/Truckload.Ebs.Tests.csproj" />
  <Project Path="bridge/Truckload.Bridge/Truckload.Bridge.csproj" />
  <Project Path="bridge/Truckload.Bridge.Tests/Truckload.Bridge.Tests.csproj" />
</Solution>
